
Microsoft Visual Studio Solution File, Format Version 12.00
# Visual Studio Version 16
VisualStudioVersion = 16.0.31729.503
MinimumVisualStudioVersion = 10.0.40219.1
Project("{FAE04EC0-301F-11D3-BF4B-00C04F79EFBC}") = "WindowsFormsMySQL", "WindowsFormsMySQL\WindowsFormsMySQL.csproj", "{CC9B522D-7CF2-469F-9E3F-C9FA2D8CEEBA}"
EndProject
Global
	GlobalSection(SolutionConfigurationPlatforms) = preSolution
		Debug|Any CPU = Debug|Any CPU
		Release|Any CPU = Release|Any CPU
	EndGlobalSection
	GlobalSection(ProjectConfigurationPlatforms) = postSolution
		{CC9B522D-7CF2-469F-9E3F-C9FA2D8CEEBA}.Debug|Any CPU.ActiveCfg = Debug|Any CPU
		{CC9B522D-7CF2-469F-9E3F-C9FA2D8CEEBA}.Debug|Any CPU.Build.0 = Debug|Any CPU
		{CC9B522D-7CF2-469F-9E3F-C9FA2D8CEEBA}.Release|Any CPU.ActiveCfg = Release|Any CPU
		{CC9B522D-7CF2-469F-9E3F-C9FA2D8CEEBA}.Release|Any CPU.Build.0 = Release|Any CPU
	EndGlobalSection
	GlobalSection(SolutionProperties) = preSolution
		HideSolutionNode = FALSE
	EndGlobalSection
	GlobalSection(ExtensibilityGlobals) = postSolution
		SolutionGuid = {061B09F2-2318-44F6-AAFA-82EE94C4F0D4}
	EndGlobalSection
EndGlobal
